
Microsoft Visual Studio Solution File, Format Version 12.00
# Visual Studio Version 16
VisualStudioVersion = 16.0.29806.167
MinimumVisualStudioVersion = 10.0.40219.1
Project("{9A19103F-16F7-4668-BE54-9A1E7A4F7556}") = "CrunchyPeanutButter.Domain", "CrunchyPeanutButter.Domain\CrunchyPeanutButter.Domain.csproj", "{8C4C4CCA-AA66-4117-A10C-35290269D637}"
EndProject
Project("{9A19103F-16F7-4668-BE54-9A1E7A4F7556}") = "CrunchyPeanutButter.Api", "CrunchyPeanutButter.Api\CrunchyPeanutButter.Api.csproj", "{A299810C-3E86-4773-9F90-28B8CBB77D75}"
EndProject
Project("{9A19103F-16F7-4668-BE54-9A1E7A4F7556}") = "CrunchyPeanutButter.Api.Tests", "CrunchyPeanutButter.Api.Tests\CrunchyPeanutButter.Api.Tests.csproj", "{740A0083-7CC1-4AD1-A0E0-FFA5ADC04698}"
EndProject
Project("{9A19103F-16F7-4668-BE54-9A1E7A4F7556}") = "CrunchyPeanutButter.Data", "CrunchyPeanutButter.Data\CrunchyPeanutButter.Data.csproj", "{662AA5E1-5DAB-4E1E-AB31-F71C157FCE7B}"
EndProject
Project("{2150E333-8FDC-42A3-9474-1A3956D46DE8}") = "Tests", "Tests", "{8D1EAF74-5453-4335-BC66-3823C4F2FB56}"
EndProject
Project("{9A19103F-16F7-4668-BE54-9A1E7A4F7556}") = "CrunchyPeanutButter.Data.Migrations", "CrunchyPeanutButter.Data.Migrations\CrunchyPeanutButter.Data.Migrations.csproj", "{FF1F13E1-CCDD-43E5-B1E0-9B4F19F2D988}"
EndProject
Project("{2150E333-8FDC-42A3-9474-1A3956D46DE8}") = "Infrastructure", "Infrastructure", "{B21EEE7F-CA1E-4B37-923C-4039F6B11F06}"
EndProject
Project("{2150E333-8FDC-42A3-9474-1A3956D46DE8}") = "Framework", "Framework", "{1A8B861E-33F4-41F3-A66E-7D553B6EC9AD}"
EndProject
Project("{9A19103F-16F7-4668-BE54-9A1E7A4F7556}") = "CrispyBacon.Events.AwsEventBridge", "CrispyBacon.Events.AwsEventBridge\CrispyBacon.Events.AwsEventBridge.csproj", "{B36F4056-2381-4D4E-BDAC-8DBE28B3DCA1}"
EndProject
Project("{9A19103F-16F7-4668-BE54-9A1E7A4F7556}") = "CrispyBacon.Events", "CrispyBacon.Events\CrispyBacon.Events.csproj", "{8010518B-B718-490B-B7B2-FDFABB3E61EB}"
EndProject
Project("{2150E333-8FDC-42A3-9474-1A3956D46DE8}") = "Core", "Core", "{C03A87A4-313A-4F05-AC4C-B07A2DAE6B1D}"
EndProject
Project("{9A19103F-16F7-4668-BE54-9A1E7A4F7556}") = "CrunchyPeanutButter.Queries", "CrunchyPeanutButter.Queries\CrunchyPeanutButter.Queries.csproj", "{B7CAF178-B8C5-4A94-B1BF-D28E32D73EB8}"
EndProject
Project("{9A19103F-16F7-4668-BE54-9A1E7A4F7556}") = "CrunchyPeanutButter.Data.Queries", "CrunchyPeanutButter.Data.Queries\CrunchyPeanutButter.Data.Queries.csproj", "{B79CD085-C602-4DBD-9A69-A83B08123F11}"
EndProject
Project("{9A19103F-16F7-4668-BE54-9A1E7A4F7556}") = "CrunchyPeanutButter.Data.Stores", "CrunchyPeanutButter.Data.Stores\CrunchyPeanutButter.Data.Stores.csproj", "{D64B5827-61CC-4FCD-AA68-D9A4BCB0B7CC}"
EndProject
Project("{9A19103F-16F7-4668-BE54-9A1E7A4F7556}") = "CrispyBacon.Collections", "CrispyBacon.Collections\CrispyBacon.Collections.csproj", "{EA1C99CE-EBEC-4AF8-A888-83B2DA5E0E71}"
EndProject
Project("{9A19103F-16F7-4668-BE54-9A1E7A4F7556}") = "CrispyBacon.Stores", "CrispyBacon.Stores\CrispyBacon.Stores.csproj", "{AA5BBDB4-B374-4878-B7A5-DB3898F09FBB}"
EndProject
Project("{9A19103F-16F7-4668-BE54-9A1E7A4F7556}") = "CrispyBacon.Models", "CrispyBacon.Models\CrispyBacon.Models.csproj", "{F5D85564-AB38-47D6-876C-0CB21FB7C0FD}"
EndProject
Project("{9A19103F-16F7-4668-BE54-9A1E7A4F7556}") = "CrispyBacon.Collections.EntityFrameworkCore", "CrispyBacon.Collections.EntityFrameworkCore\CrispyBacon.Collections.EntityFrameworkCore.csproj", "{F343A9FE-F80E-4B75-AFFA-FE6F61EDE1A3}"
EndProject
Project("{9A19103F-16F7-4668-BE54-9A1E7A4F7556}") = "CrispyBacon.Stores.EntityFrameworkCore", "CrispyBacon.Stores.EntityFrameworkCore\CrispyBacon.Stores.EntityFrameworkCore.csproj", "{39F0E64E-FC5F-4177-9087-29B42BF5A929}"
EndProject
Project("{9A19103F-16F7-4668-BE54-9A1E7A4F7556}") = "CrispyBacon.Commands", "CrispyBacon.Commands\CrispyBacon.Commands.csproj", "{C19BDBBA-1DD4-489B-97A8-7A07EBCF1585}"
EndProject
Project("{2150E333-8FDC-42A3-9474-1A3956D46DE8}") = "Application", "Application", "{66B618A2-D786-4513-B02C-3EA6B8569D20}"
EndProject
Global
	GlobalSection(SolutionConfigurationPlatforms) = preSolution
		Debug|Any CPU = Debug|Any CPU
		Release|Any CPU = Release|Any CPU
	EndGlobalSection
	GlobalSection(ProjectConfigurationPlatforms) = postSolution
		{8C4C4CCA-AA66-4117-A10C-35290269D637}.Debug|Any CPU.ActiveCfg = Debug|Any CPU
		{8C4C4CCA-AA66-4117-A10C-35290269D637}.Debug|Any CPU.Build.0 = Debug|Any CPU
		{8C4C4CCA-AA66-4117-A10C-35290269D637}.Release|Any CPU.ActiveCfg = Release|Any CPU
		{8C4C4CCA-AA66-4117-A10C-35290269D637}.Release|Any CPU.Build.0 = Release|Any CPU
		{A299810C-3E86-4773-9F90-28B8CBB77D75}.Debug|Any CPU.ActiveCfg = Debug|Any CPU
		{A299810C-3E86-4773-9F90-28B8CBB77D75}.Debug|Any CPU.Build.0 = Debug|Any CPU
		{A299810C-3E86-4773-9F90-28B8CBB77D75}.Release|Any CPU.ActiveCfg = Release|Any CPU
		{A299810C-3E86-4773-9F90-28B8CBB77D75}.Release|Any CPU.Build.0 = Release|Any CPU
		{740A0083-7CC1-4AD1-A0E0-FFA5ADC04698}.Debug|Any CPU.ActiveCfg = Debug|Any CPU
		{740A0083-7CC1-4AD1-A0E0-FFA5ADC04698}.Debug|Any CPU.Build.0 = Debug|Any CPU
		{740A0083-7CC1-4AD1-A0E0-FFA5ADC04698}.Release|Any CPU.ActiveCfg = Release|Any CPU
		{740A0083-7CC1-4AD1-A0E0-FFA5ADC04698}.Release|Any CPU.Build.0 = Release|Any CPU
		{662AA5E1-5DAB-4E1E-AB31-F71C157FCE7B}.Debug|Any CPU.ActiveCfg = Debug|Any CPU
		{662AA5E1-5DAB-4E1E-AB31-F71C157FCE7B}.Debug|Any CPU.Build.0 = Debug|Any CPU
		{662AA5E1-5DAB-4E1E-AB31-F71C157FCE7B}.Release|Any CPU.ActiveCfg = Release|Any CPU
		{662AA5E1-5DAB-4E1E-AB31-F71C157FCE7B}.Release|Any CPU.Build.0 = Release|Any CPU
		{FF1F13E1-CCDD-43E5-B1E0-9B4F19F2D988}.Debug|Any CPU.ActiveCfg = Debug|Any CPU
		{FF1F13E1-CCDD-43E5-B1E0-9B4F19F2D988}.Debug|Any CPU.Build.0 = Debug|Any CPU
		{FF1F13E1-CCDD-43E5-B1E0-9B4F19F2D988}.Release|Any CPU.ActiveCfg = Release|Any CPU
		{FF1F13E1-CCDD-43E5-B1E0-9B4F19F2D988}.Release|Any CPU.Build.0 = Release|Any CPU
		{B36F4056-2381-4D4E-BDAC-8DBE28B3DCA1}.Debug|Any CPU.ActiveCfg = Debug|Any CPU
		{B36F4056-2381-4D4E-BDAC-8DBE28B3DCA1}.Debug|Any CPU.Build.0 = Debug|Any CPU
		{B36F4056-2381-4D4E-BDAC-8DBE28B3DCA1}.Release|Any CPU.ActiveCfg = Release|Any CPU
		{B36F4056-2381-4D4E-BDAC-8DBE28B3DCA1}.Release|Any CPU.Build.0 = Release|Any CPU
		{8010518B-B718-490B-B7B2-FDFABB3E61EB}.Debug|Any CPU.ActiveCfg = Debug|Any CPU
		{8010518B-B718-490B-B7B2-FDFABB3E61EB}.Debug|Any CPU.Build.0 = Debug|Any CPU
		{8010518B-B718-490B-B7B2-FDFABB3E61EB}.Release|Any CPU.ActiveCfg = Release|Any CPU
		{8010518B-B718-490B-B7B2-FDFABB3E61EB}.Release|Any CPU.Build.0 = Release|Any CPU
		{B7CAF178-B8C5-4A94-B1BF-D28E32D73EB8}.Debug|Any CPU.ActiveCfg = Debug|Any CPU
		{B7CAF178-B8C5-4A94-B1BF-D28E32D73EB8}.Debug|Any CPU.Build.0 = Debug|Any CPU
		{B7CAF178-B8C5-4A94-B1BF-D28E32D73EB8}.Release|Any CPU.ActiveCfg = Release|Any CPU
		{B7CAF178-B8C5-4A94-B1BF-D28E32D73EB8}.Release|Any CPU.Build.0 = Release|Any CPU
		{B79CD085-C602-4DBD-9A69-A83B08123F11}.Debug|Any CPU.ActiveCfg = Debug|Any CPU
		{B79CD085-C602-4DBD-9A69-A83B08123F11}.Debug|Any CPU.Build.0 = Debug|Any CPU
		{B79CD085-C602-4DBD-9A69-A83B08123F11}.Release|Any CPU.ActiveCfg = Release|Any CPU
		{B79CD085-C602-4DBD-9A69-A83B08123F11}.Release|Any CPU.Build.0 = Release|Any CPU
		{D64B5827-61CC-4FCD-AA68-D9A4BCB0B7CC}.Debug|Any CPU.ActiveCfg = Debug|Any CPU
		{D64B5827-61CC-4FCD-AA68-D9A4BCB0B7CC}.Debug|Any CPU.Build.0 = Debug|Any CPU
		{D64B5827-61CC-4FCD-AA68-D9A4BCB0B7CC}.Release|Any CPU.ActiveCfg = Release|Any CPU
		{D64B5827-61CC-4FCD-AA68-D9A4BCB0B7CC}.Release|Any CPU.Build.0 = Release|Any CPU
		{EA1C99CE-EBEC-4AF8-A888-83B2DA5E0E71}.Debug|Any CPU.ActiveCfg = Debug|Any CPU
		{EA1C99CE-EBEC-4AF8-A888-83B2DA5E0E71}.Debug|Any CPU.Build.0 = Debug|Any CPU
		{EA1C99CE-EBEC-4AF8-A888-83B2DA5E0E71}.Release|Any CPU.ActiveCfg = Release|Any CPU
		{EA1C99CE-EBEC-4AF8-A888-83B2DA5E0E71}.Release|Any CPU.Build.0 = Release|Any CPU
		{AA5BBDB4-B374-4878-B7A5-DB3898F09FBB}.Debug|Any CPU.ActiveCfg = Debug|Any CPU
		{AA5BBDB4-B374-4878-B7A5-DB3898F09FBB}.Debug|Any CPU.Build.0 = Debug|Any CPU
		{AA5BBDB4-B374-4878-B7A5-DB3898F09FBB}.Release|Any CPU.ActiveCfg = Release|Any CPU
		{AA5BBDB4-B374-4878-B7A5-DB3898F09FBB}.Release|Any CPU.Build.0 = Release|Any CPU
		{F5D85564-AB38-47D6-876C-0CB21FB7C0FD}.Debug|Any CPU.ActiveCfg = Debug|Any CPU
		{F5D85564-AB38-47D6-876C-0CB21FB7C0FD}.Debug|Any CPU.Build.0 = Debug|Any CPU
		{F5D85564-AB38-47D6-876C-0CB21FB7C0FD}.Release|Any CPU.ActiveCfg = Release|Any CPU
		{F5D85564-AB38-47D6-876C-0CB21FB7C0FD}.Release|Any CPU.Build.0 = Release|Any CPU
		{F343A9FE-F80E-4B75-AFFA-FE6F61EDE1A3}.Debug|Any CPU.ActiveCfg = Debug|Any CPU
		{F343A9FE-F80E-4B75-AFFA-FE6F61EDE1A3}.Debug|Any CPU.Build.0 = Debug|Any CPU
		{F343A9FE-F80E-4B75-AFFA-FE6F61EDE1A3}.Release|Any CPU.ActiveCfg = Release|Any CPU
		{F343A9FE-F80E-4B75-AFFA-FE6F61EDE1A3}.Release|Any CPU.Build.0 = Release|Any CPU
		{39F0E64E-FC5F-4177-9087-29B42BF5A929}.Debug|Any CPU.ActiveCfg = Debug|Any CPU
		{39F0E64E-FC5F-4177-9087-29B42BF5A929}.Debug|Any CPU.Build.0 = Debug|Any CPU
		{39F0E64E-FC5F-4177-9087-29B42BF5A929}.Release|Any CPU.ActiveCfg = Release|Any CPU
		{39F0E64E-FC5F-4177-9087-29B42BF5A929}.Release|Any CPU.Build.0 = Release|Any CPU
		{C19BDBBA-1DD4-489B-97A8-7A07EBCF1585}.Debug|Any CPU.ActiveCfg = Debug|Any CPU
		{C19BDBBA-1DD4-489B-97A8-7A07EBCF1585}.Debug|Any CPU.Build.0 = Debug|Any CPU
		{C19BDBBA-1DD4-489B-97A8-7A07EBCF1585}.Release|Any CPU.ActiveCfg = Release|Any CPU
		{C19BDBBA-1DD4-489B-97A8-7A07EBCF1585}.Release|Any CPU.Build.0 = Release|Any CPU
	EndGlobalSection
	GlobalSection(SolutionProperties) = preSolution
		HideSolutionNode = FALSE
	EndGlobalSection
	GlobalSection(NestedProjects) = preSolution
		{8C4C4CCA-AA66-4117-A10C-35290269D637} = {C03A87A4-313A-4F05-AC4C-B07A2DAE6B1D}
		{A299810C-3E86-4773-9F90-28B8CBB77D75} = {66B618A2-D786-4513-B02C-3EA6B8569D20}
		{740A0083-7CC1-4AD1-A0E0-FFA5ADC04698} = {8D1EAF74-5453-4335-BC66-3823C4F2FB56}
		{662AA5E1-5DAB-4E1E-AB31-F71C157FCE7B} = {B21EEE7F-CA1E-4B37-923C-4039F6B11F06}
		{FF1F13E1-CCDD-43E5-B1E0-9B4F19F2D988} = {B21EEE7F-CA1E-4B37-923C-4039F6B11F06}
		{B36F4056-2381-4D4E-BDAC-8DBE28B3DCA1} = {1A8B861E-33F4-41F3-A66E-7D553B6EC9AD}
		{8010518B-B718-490B-B7B2-FDFABB3E61EB} = {1A8B861E-33F4-41F3-A66E-7D553B6EC9AD}
		{B7CAF178-B8C5-4A94-B1BF-D28E32D73EB8} = {C03A87A4-313A-4F05-AC4C-B07A2DAE6B1D}
		{B79CD085-C602-4DBD-9A69-A83B08123F11} = {B21EEE7F-CA1E-4B37-923C-4039F6B11F06}
		{D64B5827-61CC-4FCD-AA68-D9A4BCB0B7CC} = {B21EEE7F-CA1E-4B37-923C-4039F6B11F06}
		{EA1C99CE-EBEC-4AF8-A888-83B2DA5E0E71} = {1A8B861E-33F4-41F3-A66E-7D553B6EC9AD}
		{AA5BBDB4-B374-4878-B7A5-DB3898F09FBB} = {1A8B861E-33F4-41F3-A66E-7D553B6EC9AD}
		{F5D85564-AB38-47D6-876C-0CB21FB7C0FD} = {1A8B861E-33F4-41F3-A66E-7D553B6EC9AD}
		{F343A9FE-F80E-4B75-AFFA-FE6F61EDE1A3} = {1A8B861E-33F4-41F3-A66E-7D553B6EC9AD}
		{39F0E64E-FC5F-4177-9087-29B42BF5A929} = {1A8B861E-33F4-41F3-A66E-7D553B6EC9AD}
		{C19BDBBA-1DD4-489B-97A8-7A07EBCF1585} = {1A8B861E-33F4-41F3-A66E-7D553B6EC9AD}
	EndGlobalSection
	GlobalSection(ExtensibilityGlobals) = postSolution
		SolutionGuid = {1DDC67EE-68B3-407C-BD96-F05C472FF225}
	EndGlobalSection
EndGlobal
